
Microsoft Visual Studio Solution File, Format Version 12.00
# Visual Studio Version 16
VisualStudioVersion = 16.0.30413.136
MinimumVisualStudioVersion = 10.0.40219.1
Project("{FAE04EC0-301F-11D3-BF4B-00C04F79EFBC}") = "Tsausova_Kinosaal", "Tsausova_Kinosaal\Tsausova_Kinosaal.csproj", "{755B3B59-2DD1-4DE2-81DE-7DBD54E887B9}"
EndProject
Global
	GlobalSection(SolutionConfigurationPlatforms) = preSolution
		Debug|Any CPU = Debug|Any CPU
		Release|Any CPU = Release|Any CPU
	EndGlobalSection
	GlobalSection(ProjectConfigurationPlatforms) = postSolution
		{755B3B59-2DD1-4DE2-81DE-7DBD54E887B9}.Debug|Any CPU.ActiveCfg = Debug|Any CPU
		{755B3B59-2DD1-4DE2-81DE-7DBD54E887B9}.Debug|Any CPU.Build.0 = Debug|Any CPU
		{755B3B59-2DD1-4DE2-81DE-7DBD54E887B9}.Release|Any CPU.ActiveCfg = Release|Any CPU
		{755B3B59-2DD1-4DE2-81DE-7DBD54E887B9}.Release|Any CPU.Build.0 = Release|Any CPU
	EndGlobalSection
	GlobalSection(SolutionProperties) = preSolution
		HideSolutionNode = FALSE
	EndGlobalSection
	GlobalSection(ExtensibilityGlobals) = postSolution
		SolutionGuid = {AF69ED64-192B-4069-8AA6-3F428F568278}
	EndGlobalSection
EndGlobal
